# @generated - this file is auto-generated by `mise lock` https://mise.en.dev/dev-tools/mise-lock.html

[[tools.bun]]
version = "1.3.14"
backend = "core:bun"

[tools.bun."platforms.linux-arm64"]
checksum = "sha256:a27ffb63a8310375836e0d6f668ae17fa8d8d18b88c37c821c65331973a19a3b"
url = "https://github.com/oven-sh/bun/releases/download/bun-v1.3.14/bun-linux-aarch64.zip"

[tools.bun."platforms.linux-arm64-musl"]
checksum = "sha256:b98e0ad3625c5c00d1d5b5ff55605c7adddbfae151861e68ade57b2d3b8703bb"
url = "https://github.com/oven-sh/bun/releases/download/bun-v1.3.14/bun-linux-aarch64-musl.zip"

[tools.bun."platforms.linux-x64"]
checksum = "sha256:951ee2aee855f08595aeec6225226a298d3fea83a3dcd6465c09cbccdf7e848f"
url = "https://github.com/oven-sh/bun/releases/download/bun-v1.3.14/bun-linux-x64.zip"

[tools.bun."platforms.linux-x64-baseline"]
checksum = "sha256:a063908ae08b7852ca10939bbdc6ceed3ddabce8fb9402dce83d65d73b36e6c7"
url = "https://github.com/oven-sh/bun/releases/download/bun-v1.3.14/bun-linux-x64-baseline.zip"

[tools.bun."platforms.linux-x64-musl"]
checksum = "sha256:14bd9aedeebf1dba67e8def9531c89bc989ecfdf1de42e5bfcaf1b8cd9294719"
url = "https://github.com/oven-sh/bun/releases/download/bun-v1.3.14/bun-linux-x64-musl.zip"

[tools.bun."platforms.linux-x64-musl-baseline"]
checksum = "sha256:56a7d6806cf155536c0178f0ea5fbd098e684fa509ebdb4fc0a7e19fb65382dc"
url = "https://github.com/oven-sh/bun/releases/download/bun-v1.3.14/bun-linux-x64-musl-baseline.zip"

[tools.bun."platforms.macos-arm64"]
checksum = "sha256:d8b96221828ad6f97ac7ac0ab7e95872341af763001e8803e8267652c2652620"
url = "https://github.com/oven-sh/bun/releases/download/bun-v1.3.14/bun-darwin-aarch64.zip"

[tools.bun."platforms.macos-x64"]
checksum = "sha256:4183df3374623e5bab315c547cfa0974533cd457d86b73b639f7a87974cd6633"
url = "https://github.com/oven-sh/bun/releases/download/bun-v1.3.14/bun-darwin-x64.zip"

[tools.bun."platforms.macos-x64-baseline"]
checksum = "sha256:3e35ad6f53971a9834bf9e6786e2adf72b5f1921cc9a9c5fde073d2972944076"
url = "https://github.com/oven-sh/bun/releases/download/bun-v1.3.14/bun-darwin-x64-baseline.zip"

[tools.bun."platforms.windows-x64"]
checksum = "sha256:0a0620930b6675d7ba440e81f4e0e00d3cfbe096c4b140d3fff02205e9e18922"
url = "https://github.com/oven-sh/bun/releases/download/bun-v1.3.14/bun-windows-x64.zip"

[tools.bun."platforms.windows-x64-baseline"]
checksum = "sha256:538f9c846355d9e847b2671bc00c47da4229a0befb24df3282b739770f3b475f"
url = "https://github.com/oven-sh/bun/releases/download/bun-v1.3.14/bun-windows-x64-baseline.zip"

[[tools."github:howmanysmall/npm-registry-mcp"]]
version = "0.5.0"
backend = "github:howmanysmall/npm-registry-mcp"

[tools."github:howmanysmall/npm-registry-mcp"."platforms.linux-arm64"]
checksum = "sha256:a4d47bf9090775d9b05a81277d0bc1fa842159b9dc8ab0e53234b0f55c261707"
url = "https://github.com/howmanysmall/npm-registry-mcp/releases/download/v0.5.0/npm-registry-mcp_linux_arm64.tar.gz"
url_api = "https://api.github.com/repos/howmanysmall/npm-registry-mcp/releases/assets/359512040"

[tools."github:howmanysmall/npm-registry-mcp"."platforms.linux-arm64-musl"]
checksum = "sha256:a4d47bf9090775d9b05a81277d0bc1fa842159b9dc8ab0e53234b0f55c261707"
url = "https://github.com/howmanysmall/npm-registry-mcp/releases/download/v0.5.0/npm-registry-mcp_linux_arm64.tar.gz"
url_api = "https://api.github.com/repos/howmanysmall/npm-registry-mcp/releases/assets/359512040"

[tools."github:howmanysmall/npm-registry-mcp"."platforms.linux-x64"]
checksum = "sha256:ce0e94761beb6f326613794ddf0a5bdb3cb5404c50b1d26ef14670882dc518f1"
url = "https://github.com/howmanysmall/npm-registry-mcp/releases/download/v0.5.0/npm-registry-mcp_linux_x86_64.tar.gz"
url_api = "https://api.github.com/repos/howmanysmall/npm-registry-mcp/releases/assets/359512057"

[tools."github:howmanysmall/npm-registry-mcp"."platforms.linux-x64-baseline"]
checksum = "sha256:ce0e94761beb6f326613794ddf0a5bdb3cb5404c50b1d26ef14670882dc518f1"
url = "https://github.com/howmanysmall/npm-registry-mcp/releases/download/v0.5.0/npm-registry-mcp_linux_x86_64.tar.gz"
url_api = "https://api.github.com/repos/howmanysmall/npm-registry-mcp/releases/assets/359512057"

[tools."github:howmanysmall/npm-registry-mcp"."platforms.linux-x64-musl"]
checksum = "sha256:ce0e94761beb6f326613794ddf0a5bdb3cb5404c50b1d26ef14670882dc518f1"
url = "https://github.com/howmanysmall/npm-registry-mcp/releases/download/v0.5.0/npm-registry-mcp_linux_x86_64.tar.gz"
url_api = "https://api.github.com/repos/howmanysmall/npm-registry-mcp/releases/assets/359512057"

[tools."github:howmanysmall/npm-registry-mcp"."platforms.linux-x64-musl-baseline"]
checksum = "sha256:ce0e94761beb6f326613794ddf0a5bdb3cb5404c50b1d26ef14670882dc518f1"
url = "https://github.com/howmanysmall/npm-registry-mcp/releases/download/v0.5.0/npm-registry-mcp_linux_x86_64.tar.gz"
url_api = "https://api.github.com/repos/howmanysmall/npm-registry-mcp/releases/assets/359512057"

[tools."github:howmanysmall/npm-registry-mcp"."platforms.macos-arm64"]
checksum = "sha256:df9bfc25847f5d756fe05c95cd21d7ca97e343abec634252794a43d5c895191e"
url = "https://github.com/howmanysmall/npm-registry-mcp/releases/download/v0.5.0/npm-registry-mcp_darwin_arm64.tar.gz"
url_api = "https://api.github.com/repos/howmanysmall/npm-registry-mcp/releases/assets/359512042"

[tools."github:howmanysmall/npm-registry-mcp"."platforms.macos-x64"]
checksum = "sha256:5d740f2d9ea863b76f3e8ea46095693857ee567c5aee42480b741c74a81f397b"
url = "https://github.com/howmanysmall/npm-registry-mcp/releases/download/v0.5.0/npm-registry-mcp_darwin_x86_64.tar.gz"
url_api = "https://api.github.com/repos/howmanysmall/npm-registry-mcp/releases/assets/359512055"

[tools."github:howmanysmall/npm-registry-mcp"."platforms.macos-x64-baseline"]
checksum = "sha256:5d740f2d9ea863b76f3e8ea46095693857ee567c5aee42480b741c74a81f397b"
url = "https://github.com/howmanysmall/npm-registry-mcp/releases/download/v0.5.0/npm-registry-mcp_darwin_x86_64.tar.gz"
url_api = "https://api.github.com/repos/howmanysmall/npm-registry-mcp/releases/assets/359512055"

[tools."github:howmanysmall/npm-registry-mcp"."platforms.windows-x64"]
checksum = "sha256:725bfd534aa9332de1a45401ed352a8daf73cc07c3957837df4e88723309176c"
url = "https://github.com/howmanysmall/npm-registry-mcp/releases/download/v0.5.0/npm-registry-mcp_windows_x86_64.zip"
url_api = "https://api.github.com/repos/howmanysmall/npm-registry-mcp/releases/assets/359512044"

[tools."github:howmanysmall/npm-registry-mcp"."platforms.windows-x64-baseline"]
checksum = "sha256:725bfd534aa9332de1a45401ed352a8daf73cc07c3957837df4e88723309176c"
url = "https://github.com/howmanysmall/npm-registry-mcp/releases/download/v0.5.0/npm-registry-mcp_windows_x86_64.zip"
url_api = "https://api.github.com/repos/howmanysmall/npm-registry-mcp/releases/assets/359512044"

[[tools."github:howmanysmall/pullhook"]]
version = "1.1.1"
backend = "github:howmanysmall/pullhook"

[tools."github:howmanysmall/pullhook"."platforms.linux-arm64"]
checksum = "sha256:f427c6aeb9a9253089cdb278c13d6f82bfe7f73306b8ab4742d44880241ef613"
url = "https://github.com/howmanysmall/pullhook/releases/download/v1.1.1/pullhook-aarch64-unknown-linux-gnu.tar.xz"
url_api = "https://api.github.com/repos/howmanysmall/pullhook/releases/assets/419689291"

[tools."github:howmanysmall/pullhook"."platforms.linux-arm64-musl"]
checksum = "sha256:f427c6aeb9a9253089cdb278c13d6f82bfe7f73306b8ab4742d44880241ef613"
url = "https://github.com/howmanysmall/pullhook/releases/download/v1.1.1/pullhook-aarch64-unknown-linux-gnu.tar.xz"
url_api = "https://api.github.com/repos/howmanysmall/pullhook/releases/assets/419689291"

[tools."github:howmanysmall/pullhook"."platforms.linux-x64"]
checksum = "sha256:44489d2689351fb1c749792c71c09cfaef3009c7edbc42b8007cdb9f027d5959"
url = "https://github.com/howmanysmall/pullhook/releases/download/v1.1.1/pullhook-x86_64-unknown-linux-musl.tar.xz"
url_api = "https://api.github.com/repos/howmanysmall/pullhook/releases/assets/419689297"

[tools."github:howmanysmall/pullhook"."platforms.linux-x64-baseline"]
checksum = "sha256:44489d2689351fb1c749792c71c09cfaef3009c7edbc42b8007cdb9f027d5959"
url = "https://github.com/howmanysmall/pullhook/releases/download/v1.1.1/pullhook-x86_64-unknown-linux-musl.tar.xz"
url_api = "https://api.github.com/repos/howmanysmall/pullhook/releases/assets/419689297"

[tools."github:howmanysmall/pullhook"."platforms.linux-x64-musl"]
checksum = "sha256:44489d2689351fb1c749792c71c09cfaef3009c7edbc42b8007cdb9f027d5959"
url = "https://github.com/howmanysmall/pullhook/releases/download/v1.1.1/pullhook-x86_64-unknown-linux-musl.tar.xz"
url_api = "https://api.github.com/repos/howmanysmall/pullhook/releases/assets/419689297"

[tools."github:howmanysmall/pullhook"."platforms.linux-x64-musl-baseline"]
checksum = "sha256:44489d2689351fb1c749792c71c09cfaef3009c7edbc42b8007cdb9f027d5959"
url = "https://github.com/howmanysmall/pullhook/releases/download/v1.1.1/pullhook-x86_64-unknown-linux-musl.tar.xz"
url_api = "https://api.github.com/repos/howmanysmall/pullhook/releases/assets/419689297"

[tools."github:howmanysmall/pullhook"."platforms.macos-arm64"]
checksum = "sha256:91a6339aab34c52e58da5f765d521b8919037372a0cb934c6f3412fd6ee43741"
url = "https://github.com/howmanysmall/pullhook/releases/download/v1.1.1/pullhook-aarch64-apple-darwin.tar.xz"
url_api = "https://api.github.com/repos/howmanysmall/pullhook/releases/assets/419689290"

[tools."github:howmanysmall/pullhook"."platforms.macos-x64"]
checksum = "sha256:8f465d07b20f226ae40b84c168e2ccabbeeaad2c32f9f0197c99f4b611dd043e"
url = "https://github.com/howmanysmall/pullhook/releases/download/v1.1.1/pullhook-x86_64-apple-darwin.tar.xz"
url_api = "https://api.github.com/repos/howmanysmall/pullhook/releases/assets/419689294"

[tools."github:howmanysmall/pullhook"."platforms.macos-x64-baseline"]
checksum = "sha256:8f465d07b20f226ae40b84c168e2ccabbeeaad2c32f9f0197c99f4b611dd043e"
url = "https://github.com/howmanysmall/pullhook/releases/download/v1.1.1/pullhook-x86_64-apple-darwin.tar.xz"
url_api = "https://api.github.com/repos/howmanysmall/pullhook/releases/assets/419689294"

[tools."github:howmanysmall/pullhook"."platforms.windows-x64"]
checksum = "sha256:89089232002d3c6eaa5a033f015985fab3e16aea6ca0d633bf609ac34bffae6a"
url = "https://github.com/howmanysmall/pullhook/releases/download/v1.1.1/pullhook-x86_64-pc-windows-msvc.zip"
url_api = "https://api.github.com/repos/howmanysmall/pullhook/releases/assets/419689296"

[tools."github:howmanysmall/pullhook"."platforms.windows-x64-baseline"]
checksum = "sha256:89089232002d3c6eaa5a033f015985fab3e16aea6ca0d633bf609ac34bffae6a"
url = "https://github.com/howmanysmall/pullhook/releases/download/v1.1.1/pullhook-x86_64-pc-windows-msvc.zip"
url_api = "https://api.github.com/repos/howmanysmall/pullhook/releases/assets/419689296"

[[tools.lefthook]]
version = "2.1.9"
backend = "aqua:evilmartians/lefthook"

[tools.lefthook."platforms.linux-arm64"]
checksum = "sha256:d1bae1c9c26b35270dd675c93c33cecead885368ed078b3976ec23cdcedd28e8"
url = "https://github.com/evilmartians/lefthook/releases/download/v2.1.9/lefthook_2.1.9_Linux_aarch64.gz"
provenance = "github-attestations"

[tools.lefthook."platforms.linux-arm64-musl"]
checksum = "sha256:d1bae1c9c26b35270dd675c93c33cecead885368ed078b3976ec23cdcedd28e8"
url = "https://github.com/evilmartians/lefthook/releases/download/v2.1.9/lefthook_2.1.9_Linux_aarch64.gz"
provenance = "github-attestations"

[tools.lefthook."platforms.linux-x64"]
checksum = "sha256:e938f34bd05bafe1155888879a045ef4ee8cf5b4a56c9e5e9b0c2649f295636e"
url = "https://github.com/evilmartians/lefthook/releases/download/v2.1.9/lefthook_2.1.9_Linux_x86_64.gz"
provenance = "github-attestations"

[tools.lefthook."platforms.linux-x64-baseline"]
checksum = "sha256:e938f34bd05bafe1155888879a045ef4ee8cf5b4a56c9e5e9b0c2649f295636e"
url = "https://github.com/evilmartians/lefthook/releases/download/v2.1.9/lefthook_2.1.9_Linux_x86_64.gz"
provenance = "github-attestations"

[tools.lefthook."platforms.linux-x64-musl"]
checksum = "sha256:e938f34bd05bafe1155888879a045ef4ee8cf5b4a56c9e5e9b0c2649f295636e"
url = "https://github.com/evilmartians/lefthook/releases/download/v2.1.9/lefthook_2.1.9_Linux_x86_64.gz"
provenance = "github-attestations"

[tools.lefthook."platforms.linux-x64-musl-baseline"]
checksum = "sha256:e938f34bd05bafe1155888879a045ef4ee8cf5b4a56c9e5e9b0c2649f295636e"
url = "https://github.com/evilmartians/lefthook/releases/download/v2.1.9/lefthook_2.1.9_Linux_x86_64.gz"
provenance = "github-attestations"

[tools.lefthook."platforms.macos-arm64"]
checksum = "sha256:808f8ef81a61e01eb41c1a2951e5639804f2372dc6a484bbeff726406745c77f"
url = "https://github.com/evilmartians/lefthook/releases/download/v2.1.9/lefthook_2.1.9_MacOS_arm64.gz"
provenance = "github-attestations"

[tools.lefthook."platforms.macos-x64"]
checksum = "sha256:371c3c75cb07a8cdf41295596d3981adc1f92dee7795001f7d471e1f36fe2a0e"
url = "https://github.com/evilmartians/lefthook/releases/download/v2.1.9/lefthook_2.1.9_MacOS_x86_64.gz"
provenance = "github-attestations"

[tools.lefthook."platforms.macos-x64-baseline"]
checksum = "sha256:371c3c75cb07a8cdf41295596d3981adc1f92dee7795001f7d471e1f36fe2a0e"
url = "https://github.com/evilmartians/lefthook/releases/download/v2.1.9/lefthook_2.1.9_MacOS_x86_64.gz"
provenance = "github-attestations"

[tools.lefthook."platforms.windows-x64"]
checksum = "sha256:1f29681dfbc36b9bdde52139cca6c4668ea4d51fd81e9127a3b78f49369db67e"
url = "https://github.com/evilmartians/lefthook/releases/download/v2.1.9/lefthook_2.1.9_Windows_x86_64.gz"
provenance = "github-attestations"

[tools.lefthook."platforms.windows-x64-baseline"]
checksum = "sha256:1f29681dfbc36b9bdde52139cca6c4668ea4d51fd81e9127a3b78f49369db67e"
url = "https://github.com/evilmartians/lefthook/releases/download/v2.1.9/lefthook_2.1.9_Windows_x86_64.gz"
provenance = "github-attestations"

[[tools.node]]
version = "25.9.0"
backend = "core:node"

[tools.node."platforms.linux-arm64"]
checksum = "sha256:8fb4283301b8c720fc9f18bffff0f659e72cc14d0cf207a3bb411808aaa73a57"
url = "https://nodejs.org/dist/v25.9.0/node-v25.9.0-linux-arm64.tar.gz"

[tools.node."platforms.linux-arm64-musl"]
checksum = "sha256:97f6fe125faa51f84a7bb600d0cd7aefcfaaa0e75a5f49a7c61c3df91d12d535"
url = "https://unofficial-builds.nodejs.org/download/release/v25.9.0/node-v25.9.0-linux-arm64-musl.tar.gz"

[tools.node."platforms.linux-x64"]
checksum = "sha256:134e55b2408448a219760fe04dc44d6851f9de8a79549021ffd870e9082d9e7b"
url = "https://nodejs.org/dist/v25.9.0/node-v25.9.0-linux-x64.tar.gz"

[tools.node."platforms.linux-x64-baseline"]
checksum = "sha256:134e55b2408448a219760fe04dc44d6851f9de8a79549021ffd870e9082d9e7b"
url = "https://nodejs.org/dist/v25.9.0/node-v25.9.0-linux-x64.tar.gz"

[tools.node."platforms.linux-x64-musl"]
checksum = "sha256:1ac44af012be6bc17f1e3723edbf12897c0baeae5d1dc75b9f97d71413e4c8f5"
url = "https://unofficial-builds.nodejs.org/download/release/v25.9.0/node-v25.9.0-linux-x64-musl.tar.gz"

[tools.node."platforms.linux-x64-musl-baseline"]
checksum = "sha256:1ac44af012be6bc17f1e3723edbf12897c0baeae5d1dc75b9f97d71413e4c8f5"
url = "https://unofficial-builds.nodejs.org/download/release/v25.9.0/node-v25.9.0-linux-x64-musl.tar.gz"

[tools.node."platforms.macos-arm64"]
checksum = "sha256:e479f3c469d3d9303a44f00a8ea37a3788395d171bb8059c48a4bbbd2e371b59"
url = "https://nodejs.org/dist/v25.9.0/node-v25.9.0-darwin-arm64.tar.gz"

[tools.node."platforms.macos-x64"]
checksum = "sha256:7d737b53ce191142bfa1c17cfa5b070d96e84eebf76b8dd06d84981cbdc3f7e3"
url = "https://nodejs.org/dist/v25.9.0/node-v25.9.0-darwin-x64.tar.gz"

[tools.node."platforms.macos-x64-baseline"]
checksum = "sha256:7d737b53ce191142bfa1c17cfa5b070d96e84eebf76b8dd06d84981cbdc3f7e3"
url = "https://nodejs.org/dist/v25.9.0/node-v25.9.0-darwin-x64.tar.gz"

[tools.node."platforms.windows-x64"]
checksum = "sha256:929552b8305effac843ba7b4270c437aefb702fc3fbd73fcd1bffd35d4ac284e"
url = "https://nodejs.org/dist/v25.9.0/node-v25.9.0-win-x64.zip"

[tools.node."platforms.windows-x64-baseline"]
checksum = "sha256:929552b8305effac843ba7b4270c437aefb702fc3fbd73fcd1bffd35d4ac284e"
url = "https://nodejs.org/dist/v25.9.0/node-v25.9.0-win-x64.zip"

[[tools.npm]]
version = "11.17.0"
backend = "aqua:npm/cli"

[tools.npm."platforms.linux-arm64"]
url = "https://registry.npmjs.org/npm/-/npm-11.17.0.tgz"

[tools.npm."platforms.linux-arm64-musl"]
url = "https://registry.npmjs.org/npm/-/npm-11.17.0.tgz"

[tools.npm."platforms.linux-x64"]
url = "https://registry.npmjs.org/npm/-/npm-11.17.0.tgz"

[tools.npm."platforms.linux-x64-baseline"]
url = "https://registry.npmjs.org/npm/-/npm-11.17.0.tgz"

[tools.npm."platforms.linux-x64-musl"]
url = "https://registry.npmjs.org/npm/-/npm-11.17.0.tgz"

[tools.npm."platforms.linux-x64-musl-baseline"]
url = "https://registry.npmjs.org/npm/-/npm-11.17.0.tgz"

[tools.npm."platforms.macos-arm64"]
checksum = "blake3:4e9f5c11a213a1a3c3fe9b3a1718040c32eae33a5c57d318988a6979c487cc24"
url = "https://registry.npmjs.org/npm/-/npm-11.17.0.tgz"

[tools.npm."platforms.macos-x64"]
url = "https://registry.npmjs.org/npm/-/npm-11.17.0.tgz"

[tools.npm."platforms.macos-x64-baseline"]
url = "https://registry.npmjs.org/npm/-/npm-11.17.0.tgz"

[[tools.pnpm]]
version = "11.9.0"
backend = "aqua:pnpm/pnpm"

[tools.pnpm."platforms.linux-arm64"]
checksum = "sha256:7981d0109fffdf8f15b838243240c8c9f9114dd4b7111d4227c1453522d75b61"
url = "https://github.com/pnpm/pnpm/releases/download/v11.9.0/pnpm-linux-arm64.tar.gz"
provenance = "github-attestations"

[tools.pnpm."platforms.linux-arm64-musl"]
checksum = "sha256:3622d3010d6af601190e7b63994fb0fe297e805699145aec949f4879f2672fb5"
url = "https://github.com/pnpm/pnpm/releases/download/v11.9.0/pnpm-linux-arm64-musl.tar.gz"
provenance = "github-attestations"

[tools.pnpm."platforms.linux-x64"]
checksum = "sha256:8d987d82585453bcf260ea5d0bae346d298f1a5e71bcde8d99976521408ad895"
url = "https://github.com/pnpm/pnpm/releases/download/v11.9.0/pnpm-linux-x64.tar.gz"
provenance = "github-attestations"

[tools.pnpm."platforms.linux-x64-baseline"]
checksum = "sha256:8d987d82585453bcf260ea5d0bae346d298f1a5e71bcde8d99976521408ad895"
url = "https://github.com/pnpm/pnpm/releases/download/v11.9.0/pnpm-linux-x64.tar.gz"
provenance = "github-attestations"

[tools.pnpm."platforms.linux-x64-musl"]
checksum = "sha256:655fcf2609e3145cfd7c2f05113429523706d0a618f2957eaa6c3562f6a5998b"
url = "https://github.com/pnpm/pnpm/releases/download/v11.9.0/pnpm-linux-x64-musl.tar.gz"
provenance = "github-attestations"

[tools.pnpm."platforms.linux-x64-musl-baseline"]
checksum = "sha256:655fcf2609e3145cfd7c2f05113429523706d0a618f2957eaa6c3562f6a5998b"
url = "https://github.com/pnpm/pnpm/releases/download/v11.9.0/pnpm-linux-x64-musl.tar.gz"
provenance = "github-attestations"

[tools.pnpm."platforms.macos-arm64"]
checksum = "sha256:ca6f98a8911ec975509464026205e2b54aed74cecd36c5ae9932e5997bd7de2a"
url = "https://github.com/pnpm/pnpm/releases/download/v11.9.0/pnpm-darwin-arm64.tar.gz"
provenance = "github-attestations"

[tools.pnpm."platforms.windows-x64"]
checksum = "sha256:82c130717a59f237c49e8eaa8a7ed75c1d8d351a5b6dedeee3196b8e1b597c6e"
url = "https://github.com/pnpm/pnpm/releases/download/v11.9.0/pnpm-win32-x64.zip"
provenance = "github-attestations"

[tools.pnpm."platforms.windows-x64-baseline"]
checksum = "sha256:82c130717a59f237c49e8eaa8a7ed75c1d8d351a5b6dedeee3196b8e1b597c6e"
url = "https://github.com/pnpm/pnpm/releases/download/v11.9.0/pnpm-win32-x64.zip"
provenance = "github-attestations"

[[tools.rumdl]]
version = "0.2.25"
backend = "aqua:rvben/rumdl"

[tools.rumdl."platforms.linux-arm64"]
checksum = "sha256:2a066d296e6c13cafd67e557693d39984de52c3599004ff057de1c4a4f9b7976"
url = "https://github.com/rvben/rumdl/releases/download/v0.2.25/rumdl-v0.2.25-aarch64-unknown-linux-musl.tar.gz"
provenance = "github-attestations"

[tools.rumdl."platforms.linux-arm64-musl"]
checksum = "sha256:2a066d296e6c13cafd67e557693d39984de52c3599004ff057de1c4a4f9b7976"
url = "https://github.com/rvben/rumdl/releases/download/v0.2.25/rumdl-v0.2.25-aarch64-unknown-linux-musl.tar.gz"
provenance = "github-attestations"

[tools.rumdl."platforms.linux-x64"]
checksum = "sha256:3f3b9e791b3d3d8f58ce792b881d6b1326b74fef96ba3a7e2cf7a6def212f688"
url = "https://github.com/rvben/rumdl/releases/download/v0.2.25/rumdl-v0.2.25-x86_64-unknown-linux-musl.tar.gz"
provenance = "github-attestations"

[tools.rumdl."platforms.linux-x64-baseline"]
checksum = "sha256:3f3b9e791b3d3d8f58ce792b881d6b1326b74fef96ba3a7e2cf7a6def212f688"
url = "https://github.com/rvben/rumdl/releases/download/v0.2.25/rumdl-v0.2.25-x86_64-unknown-linux-musl.tar.gz"
provenance = "github-attestations"

[tools.rumdl."platforms.linux-x64-musl"]
checksum = "sha256:3f3b9e791b3d3d8f58ce792b881d6b1326b74fef96ba3a7e2cf7a6def212f688"
url = "https://github.com/rvben/rumdl/releases/download/v0.2.25/rumdl-v0.2.25-x86_64-unknown-linux-musl.tar.gz"
provenance = "github-attestations"

[tools.rumdl."platforms.linux-x64-musl-baseline"]
checksum = "sha256:3f3b9e791b3d3d8f58ce792b881d6b1326b74fef96ba3a7e2cf7a6def212f688"
url = "https://github.com/rvben/rumdl/releases/download/v0.2.25/rumdl-v0.2.25-x86_64-unknown-linux-musl.tar.gz"
provenance = "github-attestations"

[tools.rumdl."platforms.macos-arm64"]
checksum = "sha256:20e953a4a1bc254e7eac2dfbaef7ef1a3f238f01510edb0ff93417da67fbaca2"
url = "https://github.com/rvben/rumdl/releases/download/v0.2.25/rumdl-v0.2.25-aarch64-apple-darwin.tar.gz"
provenance = "github-attestations"

[tools.rumdl."platforms.macos-x64"]
checksum = "sha256:73857b59d9e1085692c0bc7ec8e63fb68f017c4181feb37e4749884fc4678ace"
url = "https://github.com/rvben/rumdl/releases/download/v0.2.25/rumdl-v0.2.25-x86_64-apple-darwin.tar.gz"
provenance = "github-attestations"

[tools.rumdl."platforms.macos-x64-baseline"]
checksum = "sha256:73857b59d9e1085692c0bc7ec8e63fb68f017c4181feb37e4749884fc4678ace"
url = "https://github.com/rvben/rumdl/releases/download/v0.2.25/rumdl-v0.2.25-x86_64-apple-darwin.tar.gz"
provenance = "github-attestations"

[tools.rumdl."platforms.windows-x64"]
checksum = "sha256:b69ab1731d3a801b1e5185c2b7dac8ed461f35a8e1d8cb8b1ec0da912f120fc3"
url = "https://github.com/rvben/rumdl/releases/download/v0.2.25/rumdl-v0.2.25-x86_64-pc-windows-msvc.zip"
provenance = "github-attestations"

[tools.rumdl."platforms.windows-x64-baseline"]
checksum = "sha256:b69ab1731d3a801b1e5185c2b7dac8ed461f35a8e1d8cb8b1ec0da912f120fc3"
url = "https://github.com/rvben/rumdl/releases/download/v0.2.25/rumdl-v0.2.25-x86_64-pc-windows-msvc.zip"
provenance = "github-attestations"

[[tools.tombi]]
version = "1.1.6"
backend = "aqua:tombi-toml/tombi"

[tools.tombi."platforms.linux-arm64"]
checksum = "sha256:cb3026435a3795a933b7df7d129025108d6d94675ec46b66539f2fad1a6fbd49"
url = "https://github.com/tombi-toml/tombi/releases/download/v1.1.6/tombi-cli-1.1.6-aarch64-unknown-linux-musl.tar.gz"

[tools.tombi."platforms.linux-arm64-musl"]
checksum = "sha256:cb3026435a3795a933b7df7d129025108d6d94675ec46b66539f2fad1a6fbd49"
url = "https://github.com/tombi-toml/tombi/releases/download/v1.1.6/tombi-cli-1.1.6-aarch64-unknown-linux-musl.tar.gz"

[tools.tombi."platforms.linux-x64"]
checksum = "sha256:774491f7cc990b86ee2e14d41d08743f7bd953ba2269a46ca5096e75de83e18a"
url = "https://github.com/tombi-toml/tombi/releases/download/v1.1.6/tombi-cli-1.1.6-x86_64-unknown-linux-musl.tar.gz"

[tools.tombi."platforms.linux-x64-baseline"]
checksum = "sha256:774491f7cc990b86ee2e14d41d08743f7bd953ba2269a46ca5096e75de83e18a"
url = "https://github.com/tombi-toml/tombi/releases/download/v1.1.6/tombi-cli-1.1.6-x86_64-unknown-linux-musl.tar.gz"

[tools.tombi."platforms.linux-x64-musl"]
checksum = "sha256:774491f7cc990b86ee2e14d41d08743f7bd953ba2269a46ca5096e75de83e18a"
url = "https://github.com/tombi-toml/tombi/releases/download/v1.1.6/tombi-cli-1.1.6-x86_64-unknown-linux-musl.tar.gz"

[tools.tombi."platforms.linux-x64-musl-baseline"]
checksum = "sha256:774491f7cc990b86ee2e14d41d08743f7bd953ba2269a46ca5096e75de83e18a"
url = "https://github.com/tombi-toml/tombi/releases/download/v1.1.6/tombi-cli-1.1.6-x86_64-unknown-linux-musl.tar.gz"

[tools.tombi."platforms.macos-arm64"]
checksum = "sha256:85775462cd3dc5e6f184a2633df7c114a84184d4b04c5f8e512760bf9e09fc97"
url = "https://github.com/tombi-toml/tombi/releases/download/v1.1.6/tombi-cli-1.1.6-aarch64-apple-darwin.tar.gz"

[tools.tombi."platforms.macos-x64"]
checksum = "sha256:e0e81fbbd629d207a739e13b849246dba9ae43f744d2cdd3c8cd00939a8ffe2a"
url = "https://github.com/tombi-toml/tombi/releases/download/v1.1.6/tombi-cli-1.1.6-x86_64-apple-darwin.tar.gz"

[tools.tombi."platforms.macos-x64-baseline"]
checksum = "sha256:e0e81fbbd629d207a739e13b849246dba9ae43f744d2cdd3c8cd00939a8ffe2a"
url = "https://github.com/tombi-toml/tombi/releases/download/v1.1.6/tombi-cli-1.1.6-x86_64-apple-darwin.tar.gz"

[tools.tombi."platforms.windows-x64"]
checksum = "sha256:44938ccdae426a576e63f95c2ff8a762f40d995540db6771665cc2990cfccc8a"
url = "https://github.com/tombi-toml/tombi/releases/download/v1.1.6/tombi-cli-1.1.6-x86_64-pc-windows-msvc.zip"

[tools.tombi."platforms.windows-x64-baseline"]
checksum = "sha256:44938ccdae426a576e63f95c2ff8a762f40d995540db6771665cc2990cfccc8a"
url = "https://github.com/tombi-toml/tombi/releases/download/v1.1.6/tombi-cli-1.1.6-x86_64-pc-windows-msvc.zip"
