# @generated - this file is auto-generated by `mise lock` https://mise.en.dev/dev-tools/mise-lock.html

[[tools.aube]]
version = "1.14.1"
backend = "github:endevco/aube"

[tools.aube."platforms.linux-arm64"]
checksum = "sha256:02355dacc9c4f68e746b2063c7688b20a1bdc7dffd3c05036bb4f1b8c32816d4"
url = "https://github.com/endevco/aube/releases/download/v1.14.1/aube-v1.14.1-aarch64-unknown-linux-gnu.tar.gz"
url_api = "https://api.github.com/repos/endevco/aube/releases/assets/420711572"
provenance = "github-attestations"

[tools.aube."platforms.linux-arm64-musl"]
checksum = "sha256:2e58f7e1866fa21faca256069d41db1ee7fe1f46040b5f19c87222eeeaaee58f"
url = "https://github.com/endevco/aube/releases/download/v1.14.1/aube-v1.14.1-aarch64-unknown-linux-musl.tar.gz"
url_api = "https://api.github.com/repos/endevco/aube/releases/assets/420691692"
provenance = "github-attestations"

[tools.aube."platforms.linux-x64"]
checksum = "sha256:f51bb0cce79df01357af6fc7f9bd79b6dba27f1f889691e776040d53bc888ce9"
url = "https://github.com/endevco/aube/releases/download/v1.14.1/aube-v1.14.1-x86_64-unknown-linux-gnu.tar.gz"
url_api = "https://api.github.com/repos/endevco/aube/releases/assets/420696179"
provenance = "github-attestations"

[tools.aube."platforms.linux-x64-musl"]
checksum = "sha256:ddc469bf8b48c756f6e8059fef839c1c0f48c58a65ab1c5d9314c6d51275bbce"
url = "https://github.com/endevco/aube/releases/download/v1.14.1/aube-v1.14.1-x86_64-unknown-linux-musl.tar.gz"
url_api = "https://api.github.com/repos/endevco/aube/releases/assets/420695394"
provenance = "github-attestations"

[tools.aube."platforms.macos-arm64"]
checksum = "sha256:0176c63ba10508ce3defed0194ee98af15e4a8d45400aa7bf7811df8778a9b95"
url = "https://github.com/endevco/aube/releases/download/v1.14.1/aube-v1.14.1-aarch64-apple-darwin.tar.gz"
url_api = "https://api.github.com/repos/endevco/aube/releases/assets/420744187"
provenance = "github-attestations"

[tools.aube."platforms.windows-x64"]
checksum = "sha256:f6a029ee9701eed16539eb55e931d57f123d53ac901aba68d2228bd645815bd3"
url = "https://github.com/endevco/aube/releases/download/v1.14.1/aube-v1.14.1-x86_64-pc-windows-msvc.zip"
url_api = "https://api.github.com/repos/endevco/aube/releases/assets/420701420"
provenance = "github-attestations"

[[tools.bun]]
version = "1.3.14"
backend = "core:bun"

[tools.bun."platforms.linux-arm64"]
checksum = "sha256:a27ffb63a8310375836e0d6f668ae17fa8d8d18b88c37c821c65331973a19a3b"
url = "https://github.com/oven-sh/bun/releases/download/bun-v1.3.14/bun-linux-aarch64.zip"

[tools.bun."platforms.linux-arm64-musl"]
checksum = "sha256:b98e0ad3625c5c00d1d5b5ff55605c7adddbfae151861e68ade57b2d3b8703bb"
url = "https://github.com/oven-sh/bun/releases/download/bun-v1.3.14/bun-linux-aarch64-musl.zip"

[tools.bun."platforms.linux-x64"]
checksum = "sha256:951ee2aee855f08595aeec6225226a298d3fea83a3dcd6465c09cbccdf7e848f"
url = "https://github.com/oven-sh/bun/releases/download/bun-v1.3.14/bun-linux-x64.zip"

[tools.bun."platforms.linux-x64-baseline"]
checksum = "sha256:a063908ae08b7852ca10939bbdc6ceed3ddabce8fb9402dce83d65d73b36e6c7"
url = "https://github.com/oven-sh/bun/releases/download/bun-v1.3.14/bun-linux-x64-baseline.zip"

[tools.bun."platforms.linux-x64-musl"]
checksum = "sha256:14bd9aedeebf1dba67e8def9531c89bc989ecfdf1de42e5bfcaf1b8cd9294719"
url = "https://github.com/oven-sh/bun/releases/download/bun-v1.3.14/bun-linux-x64-musl.zip"

[tools.bun."platforms.linux-x64-musl-baseline"]
checksum = "sha256:56a7d6806cf155536c0178f0ea5fbd098e684fa509ebdb4fc0a7e19fb65382dc"
url = "https://github.com/oven-sh/bun/releases/download/bun-v1.3.14/bun-linux-x64-musl-baseline.zip"

[tools.bun."platforms.macos-arm64"]
checksum = "sha256:d8b96221828ad6f97ac7ac0ab7e95872341af763001e8803e8267652c2652620"
url = "https://github.com/oven-sh/bun/releases/download/bun-v1.3.14/bun-darwin-aarch64.zip"

[tools.bun."platforms.macos-x64"]
checksum = "sha256:4183df3374623e5bab315c547cfa0974533cd457d86b73b639f7a87974cd6633"
url = "https://github.com/oven-sh/bun/releases/download/bun-v1.3.14/bun-darwin-x64.zip"

[tools.bun."platforms.macos-x64-baseline"]
checksum = "sha256:3e35ad6f53971a9834bf9e6786e2adf72b5f1921cc9a9c5fde073d2972944076"
url = "https://github.com/oven-sh/bun/releases/download/bun-v1.3.14/bun-darwin-x64-baseline.zip"

[tools.bun."platforms.windows-x64"]
checksum = "sha256:0a0620930b6675d7ba440e81f4e0e00d3cfbe096c4b140d3fff02205e9e18922"
url = "https://github.com/oven-sh/bun/releases/download/bun-v1.3.14/bun-windows-x64.zip"

[tools.bun."platforms.windows-x64-baseline"]
checksum = "sha256:538f9c846355d9e847b2671bc00c47da4229a0befb24df3282b739770f3b475f"
url = "https://github.com/oven-sh/bun/releases/download/bun-v1.3.14/bun-windows-x64-baseline.zip"

[[tools."github:howmanysmall/npm-registry-mcp"]]
version = "0.5.0"
backend = "github:howmanysmall/npm-registry-mcp"

[tools."github:howmanysmall/npm-registry-mcp"."platforms.linux-arm64"]
checksum = "sha256:a4d47bf9090775d9b05a81277d0bc1fa842159b9dc8ab0e53234b0f55c261707"
url = "https://github.com/howmanysmall/npm-registry-mcp/releases/download/v0.5.0/npm-registry-mcp_linux_arm64.tar.gz"
url_api = "https://api.github.com/repos/howmanysmall/npm-registry-mcp/releases/assets/359512040"
github_attestations = "unavailable"

[tools."github:howmanysmall/npm-registry-mcp"."platforms.linux-arm64-musl"]
checksum = "sha256:a4d47bf9090775d9b05a81277d0bc1fa842159b9dc8ab0e53234b0f55c261707"
url = "https://github.com/howmanysmall/npm-registry-mcp/releases/download/v0.5.0/npm-registry-mcp_linux_arm64.tar.gz"
url_api = "https://api.github.com/repos/howmanysmall/npm-registry-mcp/releases/assets/359512040"
github_attestations = "unavailable"

[tools."github:howmanysmall/npm-registry-mcp"."platforms.linux-x64"]
checksum = "sha256:ce0e94761beb6f326613794ddf0a5bdb3cb5404c50b1d26ef14670882dc518f1"
url = "https://github.com/howmanysmall/npm-registry-mcp/releases/download/v0.5.0/npm-registry-mcp_linux_x86_64.tar.gz"
url_api = "https://api.github.com/repos/howmanysmall/npm-registry-mcp/releases/assets/359512057"
github_attestations = "unavailable"

[tools."github:howmanysmall/npm-registry-mcp"."platforms.linux-x64-musl"]
checksum = "sha256:ce0e94761beb6f326613794ddf0a5bdb3cb5404c50b1d26ef14670882dc518f1"
url = "https://github.com/howmanysmall/npm-registry-mcp/releases/download/v0.5.0/npm-registry-mcp_linux_x86_64.tar.gz"
url_api = "https://api.github.com/repos/howmanysmall/npm-registry-mcp/releases/assets/359512057"
github_attestations = "unavailable"

[tools."github:howmanysmall/npm-registry-mcp"."platforms.macos-arm64"]
checksum = "sha256:df9bfc25847f5d756fe05c95cd21d7ca97e343abec634252794a43d5c895191e"
url = "https://github.com/howmanysmall/npm-registry-mcp/releases/download/v0.5.0/npm-registry-mcp_darwin_arm64.tar.gz"
url_api = "https://api.github.com/repos/howmanysmall/npm-registry-mcp/releases/assets/359512042"
github_attestations = "unavailable"

[tools."github:howmanysmall/npm-registry-mcp"."platforms.macos-x64"]
checksum = "sha256:5d740f2d9ea863b76f3e8ea46095693857ee567c5aee42480b741c74a81f397b"
url = "https://github.com/howmanysmall/npm-registry-mcp/releases/download/v0.5.0/npm-registry-mcp_darwin_x86_64.tar.gz"
url_api = "https://api.github.com/repos/howmanysmall/npm-registry-mcp/releases/assets/359512055"
github_attestations = "unavailable"

[tools."github:howmanysmall/npm-registry-mcp"."platforms.windows-x64"]
checksum = "sha256:725bfd534aa9332de1a45401ed352a8daf73cc07c3957837df4e88723309176c"
url = "https://github.com/howmanysmall/npm-registry-mcp/releases/download/v0.5.0/npm-registry-mcp_windows_x86_64.zip"
url_api = "https://api.github.com/repos/howmanysmall/npm-registry-mcp/releases/assets/359512044"
github_attestations = "unavailable"

[[tools."github:howmanysmall/pullhook"]]
version = "1.1.0"
backend = "github:howmanysmall/pullhook"

[tools."github:howmanysmall/pullhook"."platforms.linux-arm64"]
checksum = "sha256:ee90c8047f58d23371128a760bc17027d094e2214fed25ea9f3a27d6e49138de"
url = "https://github.com/howmanysmall/pullhook/releases/download/v1.1.0/pullhook-aarch64-unknown-linux-gnu.tar.xz"
url_api = "https://api.github.com/repos/howmanysmall/pullhook/releases/assets/416148599"
github_attestations = "unavailable"

[tools."github:howmanysmall/pullhook"."platforms.linux-arm64-musl"]
checksum = "sha256:ee90c8047f58d23371128a760bc17027d094e2214fed25ea9f3a27d6e49138de"
url = "https://github.com/howmanysmall/pullhook/releases/download/v1.1.0/pullhook-aarch64-unknown-linux-gnu.tar.xz"
url_api = "https://api.github.com/repos/howmanysmall/pullhook/releases/assets/416148599"
github_attestations = "unavailable"

[tools."github:howmanysmall/pullhook"."platforms.linux-x64"]
checksum = "sha256:2189ae232903be3327cde6728d38416731d75b028796a26efa9f7463f3d18a2d"
url = "https://github.com/howmanysmall/pullhook/releases/download/v1.1.0/pullhook-x86_64-unknown-linux-musl.tar.xz"
url_api = "https://api.github.com/repos/howmanysmall/pullhook/releases/assets/416148608"
github_attestations = "unavailable"

[tools."github:howmanysmall/pullhook"."platforms.linux-x64-musl"]
checksum = "sha256:2189ae232903be3327cde6728d38416731d75b028796a26efa9f7463f3d18a2d"
url = "https://github.com/howmanysmall/pullhook/releases/download/v1.1.0/pullhook-x86_64-unknown-linux-musl.tar.xz"
url_api = "https://api.github.com/repos/howmanysmall/pullhook/releases/assets/416148608"
github_attestations = "unavailable"

[tools."github:howmanysmall/pullhook"."platforms.macos-arm64"]
checksum = "sha256:5543ca0dd7b051cc099b89c7a74c6eacdb11d8c3cd0da5d686d08bcb003e621b"
url = "https://github.com/howmanysmall/pullhook/releases/download/v1.1.0/pullhook-aarch64-apple-darwin.tar.xz"
url_api = "https://api.github.com/repos/howmanysmall/pullhook/releases/assets/416148596"
github_attestations = "unavailable"

[tools."github:howmanysmall/pullhook"."platforms.macos-x64"]
checksum = "sha256:1357dbbec316d60fa4725a4f72f44f695eeb30080cb0e8886c066dd06fedd51b"
url = "https://github.com/howmanysmall/pullhook/releases/download/v1.1.0/pullhook-x86_64-apple-darwin.tar.xz"
url_api = "https://api.github.com/repos/howmanysmall/pullhook/releases/assets/416148604"
github_attestations = "unavailable"

[tools."github:howmanysmall/pullhook"."platforms.windows-x64"]
checksum = "sha256:768e14cae3d2ea308cd7ca2095bdd909bd14ed4ba81ef9d3596b6592527eb26c"
url = "https://github.com/howmanysmall/pullhook/releases/download/v1.1.0/pullhook-x86_64-pc-windows-msvc.zip"
url_api = "https://api.github.com/repos/howmanysmall/pullhook/releases/assets/416148605"
github_attestations = "unavailable"

[[tools.lefthook]]
version = "2.1.6"
backend = "aqua:evilmartians/lefthook"

[tools.lefthook."platforms.linux-arm64"]
checksum = "sha256:f85cc031da8e3571418170ab53f1e6e184a086b58683e13660bd5248974159a4"
url = "https://github.com/evilmartians/lefthook/releases/download/v2.1.6/lefthook_2.1.6_Linux_aarch64.gz"
provenance = "github-attestations"

[tools.lefthook."platforms.linux-arm64-musl"]
checksum = "sha256:f85cc031da8e3571418170ab53f1e6e184a086b58683e13660bd5248974159a4"
url = "https://github.com/evilmartians/lefthook/releases/download/v2.1.6/lefthook_2.1.6_Linux_aarch64.gz"
provenance = "github-attestations"

[tools.lefthook."platforms.linux-x64"]
checksum = "sha256:fab3d2715a922d9625c9024e6ffb6e1271edd613aa9b213c2049482cde8ae183"
url = "https://github.com/evilmartians/lefthook/releases/download/v2.1.6/lefthook_2.1.6_Linux_x86_64.gz"
provenance = "github-attestations"

[tools.lefthook."platforms.linux-x64-musl"]
checksum = "sha256:fab3d2715a922d9625c9024e6ffb6e1271edd613aa9b213c2049482cde8ae183"
url = "https://github.com/evilmartians/lefthook/releases/download/v2.1.6/lefthook_2.1.6_Linux_x86_64.gz"
provenance = "github-attestations"

[tools.lefthook."platforms.macos-arm64"]
checksum = "sha256:f07c97c32376749edb5b34179c16c6d87dd3e7ca0040aee911f38c821de0daab"
url = "https://github.com/evilmartians/lefthook/releases/download/v2.1.6/lefthook_2.1.6_MacOS_arm64.gz"
provenance = "github-attestations"

[tools.lefthook."platforms.macos-x64"]
checksum = "sha256:93c6d51823f94a7f26a2bbb84f59504378b178f55d6c90744169693ed3e89013"
url = "https://github.com/evilmartians/lefthook/releases/download/v2.1.6/lefthook_2.1.6_MacOS_x86_64.gz"
provenance = "github-attestations"

[tools.lefthook."platforms.windows-x64"]
checksum = "sha256:6704b01a72414affcc921740a7d6c621fe60c3082b291c9730900a2c6a352516"
url = "https://github.com/evilmartians/lefthook/releases/download/v2.1.6/lefthook_2.1.6_Windows_x86_64.gz"
provenance = "github-attestations"

[[tools.node]]
version = "22.22.2"
backend = "core:node"

[tools.node."platforms.linux-arm64"]
checksum = "sha256:b2f3a96f31486bfc365192ad65ced14833ad2a3c2e1bcefec4846902f264fa28"
url = "https://nodejs.org/dist/v22.22.2/node-v22.22.2-linux-arm64.tar.gz"

[tools.node."platforms.linux-arm64-musl"]
checksum = "sha256:7771e3d7bab8078232c9a7702b8423d4f7d1e5227f2339f8ccb64e5040e23a31"
url = "https://unofficial-builds.nodejs.org/download/release/v22.22.2/node-v22.22.2-linux-arm64-musl.tar.gz"

[tools.node."platforms.linux-x64"]
checksum = "sha256:978978a635eef872fa68beae09f0aad0bbbae6757e444da80b570964a97e62a3"
url = "https://nodejs.org/dist/v22.22.2/node-v22.22.2-linux-x64.tar.gz"

[tools.node."platforms.linux-x64-baseline"]
checksum = "sha256:978978a635eef872fa68beae09f0aad0bbbae6757e444da80b570964a97e62a3"
url = "https://nodejs.org/dist/v22.22.2/node-v22.22.2-linux-x64.tar.gz"

[tools.node."platforms.linux-x64-musl"]
checksum = "sha256:2231afd019f2f490ba921a25ba575f1f67e394441407be0491bb878f2823c976"
url = "https://unofficial-builds.nodejs.org/download/release/v22.22.2/node-v22.22.2-linux-x64-musl.tar.gz"

[tools.node."platforms.linux-x64-musl-baseline"]
checksum = "sha256:2231afd019f2f490ba921a25ba575f1f67e394441407be0491bb878f2823c976"
url = "https://unofficial-builds.nodejs.org/download/release/v22.22.2/node-v22.22.2-linux-x64-musl.tar.gz"

[tools.node."platforms.macos-arm64"]
checksum = "sha256:db4b275b83736df67533529a18cc55de2549a8329ace6c7bcc68f8d22d3c9000"
url = "https://nodejs.org/dist/v22.22.2/node-v22.22.2-darwin-arm64.tar.gz"

[tools.node."platforms.macos-x64"]
checksum = "sha256:12a6abb9c2902cf48a21120da13f87fde1ed1b71a13330712949e8db818708ba"
url = "https://nodejs.org/dist/v22.22.2/node-v22.22.2-darwin-x64.tar.gz"

[tools.node."platforms.macos-x64-baseline"]
checksum = "sha256:12a6abb9c2902cf48a21120da13f87fde1ed1b71a13330712949e8db818708ba"
url = "https://nodejs.org/dist/v22.22.2/node-v22.22.2-darwin-x64.tar.gz"

[tools.node."platforms.windows-x64"]
checksum = "sha256:7c93e9d92bf68c07182b471aa187e35ee6cd08ef0f24ab060dfff605fcc1c57c"
url = "https://nodejs.org/dist/v22.22.2/node-v22.22.2-win-x64.zip"

[tools.node."platforms.windows-x64-baseline"]
checksum = "sha256:7c93e9d92bf68c07182b471aa187e35ee6cd08ef0f24ab060dfff605fcc1c57c"
url = "https://nodejs.org/dist/v22.22.2/node-v22.22.2-win-x64.zip"

[[tools.npm]]
version = "11.14.1"
backend = "aqua:npm/cli"

[tools.npm."platforms.linux-arm64"]
url = "https://registry.npmjs.org/npm/-/npm-11.14.1.tgz"

[tools.npm."platforms.linux-arm64-musl"]
url = "https://registry.npmjs.org/npm/-/npm-11.14.1.tgz"

[tools.npm."platforms.linux-x64"]
url = "https://registry.npmjs.org/npm/-/npm-11.14.1.tgz"

[tools.npm."platforms.linux-x64-baseline"]
url = "https://registry.npmjs.org/npm/-/npm-11.14.1.tgz"

[tools.npm."platforms.linux-x64-musl"]
url = "https://registry.npmjs.org/npm/-/npm-11.14.1.tgz"

[tools.npm."platforms.linux-x64-musl-baseline"]
url = "https://registry.npmjs.org/npm/-/npm-11.14.1.tgz"

[tools.npm."platforms.macos-arm64"]
checksum = "blake3:a8de705e3d92c2cf36caf4d5f6476118996416e8761d14b58f78b257ee0d2e82"
url = "https://registry.npmjs.org/npm/-/npm-11.14.1.tgz"

[tools.npm."platforms.macos-x64"]
url = "https://registry.npmjs.org/npm/-/npm-11.14.1.tgz"

[tools.npm."platforms.macos-x64-baseline"]
url = "https://registry.npmjs.org/npm/-/npm-11.14.1.tgz"

[tools.npm."platforms.windows-x64"]
url = "https://registry.npmjs.org/npm/-/npm-11.14.1.tgz"

[tools.npm."platforms.windows-x64-baseline"]
url = "https://registry.npmjs.org/npm/-/npm-11.14.1.tgz"

[[tools.rumdl]]
version = "0.1.93"
backend = "aqua:rvben/rumdl"

[tools.rumdl."platforms.linux-arm64"]
checksum = "sha256:34eb77833b5f202feb6e4c1376e8a9104c431061bba9a8c93fc532c6c3bfed97"
url = "https://github.com/rvben/rumdl/releases/download/v0.1.93/rumdl-v0.1.93-aarch64-unknown-linux-musl.tar.gz"
provenance = "github-attestations"

[tools.rumdl."platforms.linux-arm64-musl"]
checksum = "sha256:34eb77833b5f202feb6e4c1376e8a9104c431061bba9a8c93fc532c6c3bfed97"
url = "https://github.com/rvben/rumdl/releases/download/v0.1.93/rumdl-v0.1.93-aarch64-unknown-linux-musl.tar.gz"
provenance = "github-attestations"

[tools.rumdl."platforms.linux-x64"]
checksum = "sha256:51e17b35e0e74d73191e675b76719a11713a9fcf03505d901b0880556d0a7ef6"
url = "https://github.com/rvben/rumdl/releases/download/v0.1.93/rumdl-v0.1.93-x86_64-unknown-linux-musl.tar.gz"
provenance = "github-attestations"

[tools.rumdl."platforms.linux-x64-musl"]
checksum = "sha256:51e17b35e0e74d73191e675b76719a11713a9fcf03505d901b0880556d0a7ef6"
url = "https://github.com/rvben/rumdl/releases/download/v0.1.93/rumdl-v0.1.93-x86_64-unknown-linux-musl.tar.gz"
provenance = "github-attestations"

[tools.rumdl."platforms.macos-arm64"]
checksum = "sha256:e034b9e38bcdb5f89361c5d97f477b04650ff6666fefa474c1fa77621bb91add"
url = "https://github.com/rvben/rumdl/releases/download/v0.1.93/rumdl-v0.1.93-aarch64-apple-darwin.tar.gz"
provenance = "github-attestations"

[tools.rumdl."platforms.macos-x64"]
checksum = "sha256:29c0c3986417ca2380052939f31fbc0d594e784a457360dcb0ad4b3d898803a6"
url = "https://github.com/rvben/rumdl/releases/download/v0.1.93/rumdl-v0.1.93-x86_64-apple-darwin.tar.gz"
provenance = "github-attestations"

[tools.rumdl."platforms.windows-x64"]
checksum = "sha256:b09ca27e486dd197212f91aaed3b98810d8e41d478621e11fbba2e881e83c9b4"
url = "https://github.com/rvben/rumdl/releases/download/v0.1.93/rumdl-v0.1.93-x86_64-pc-windows-msvc.zip"
provenance = "github-attestations"

[[tools.tombi]]
version = "0.11.4"
backend = "aqua:tombi-toml/tombi"

[tools.tombi."platforms.linux-arm64"]
checksum = "sha256:b328200ed71260cc6e08de2560afbe08de722ac5f3bc433dbff49f740c4b3e95"
url = "https://github.com/tombi-toml/tombi/releases/download/v0.11.4/tombi-cli-0.11.4-aarch64-unknown-linux-musl.tar.gz"

[tools.tombi."platforms.linux-arm64-musl"]
checksum = "sha256:b328200ed71260cc6e08de2560afbe08de722ac5f3bc433dbff49f740c4b3e95"
url = "https://github.com/tombi-toml/tombi/releases/download/v0.11.4/tombi-cli-0.11.4-aarch64-unknown-linux-musl.tar.gz"

[tools.tombi."platforms.linux-x64"]
checksum = "sha256:05fd1fb924588e25b575e5178fae22f5725ad852358a69966c93309b6b69d478"
url = "https://github.com/tombi-toml/tombi/releases/download/v0.11.4/tombi-cli-0.11.4-x86_64-unknown-linux-musl.tar.gz"

[tools.tombi."platforms.linux-x64-musl"]
checksum = "sha256:05fd1fb924588e25b575e5178fae22f5725ad852358a69966c93309b6b69d478"
url = "https://github.com/tombi-toml/tombi/releases/download/v0.11.4/tombi-cli-0.11.4-x86_64-unknown-linux-musl.tar.gz"

[tools.tombi."platforms.macos-arm64"]
checksum = "sha256:8e413ca597a883f2b0e3c58fedfafcc339e8cfe90eb38dbdc0eba3e4e0952b2a"
url = "https://github.com/tombi-toml/tombi/releases/download/v0.11.4/tombi-cli-0.11.4-aarch64-apple-darwin.tar.gz"

[tools.tombi."platforms.macos-x64"]
checksum = "sha256:1c0c0b7ae2b6d151345ac0d2c0aa8b8038a12850b046c0734f5dd38b830ea3f6"
url = "https://github.com/tombi-toml/tombi/releases/download/v0.11.4/tombi-cli-0.11.4-x86_64-apple-darwin.tar.gz"

[tools.tombi."platforms.windows-x64"]
checksum = "sha256:1fef31f3338b82759e6ad6c8292a1b1aea0640c441cd44ca57599ab23221c061"
url = "https://github.com/tombi-toml/tombi/releases/download/v0.11.4/tombi-cli-0.11.4-x86_64-pc-windows-msvc.zip"

[[tools.usage]]
version = "3.3.0"
backend = "aqua:jdx/usage"

[tools.usage."platforms.linux-arm64"]
checksum = "sha256:55a0c94c35bb9e2c5cbc223973667cd450759cd3410d4c5836ef2fdfd95adc57"
url = "https://github.com/jdx/usage/releases/download/v3.3.0/usage-aarch64-unknown-linux-musl.tar.gz"

[tools.usage."platforms.linux-arm64-musl"]
checksum = "sha256:55a0c94c35bb9e2c5cbc223973667cd450759cd3410d4c5836ef2fdfd95adc57"
url = "https://github.com/jdx/usage/releases/download/v3.3.0/usage-aarch64-unknown-linux-musl.tar.gz"

[tools.usage."platforms.linux-x64"]
checksum = "sha256:9a4316d633243aa54308ff3bf6970923b18c105dea34fbc3009d51889e1dd03f"
url = "https://github.com/jdx/usage/releases/download/v3.3.0/usage-x86_64-unknown-linux-musl.tar.gz"

[tools.usage."platforms.linux-x64-musl"]
checksum = "sha256:9a4316d633243aa54308ff3bf6970923b18c105dea34fbc3009d51889e1dd03f"
url = "https://github.com/jdx/usage/releases/download/v3.3.0/usage-x86_64-unknown-linux-musl.tar.gz"

[tools.usage."platforms.macos-arm64"]
checksum = "sha256:ab6c69a6541e18ffca7bd950dd4cc867ea9267d0f91115c13aa650cde6634d62"
url = "https://github.com/jdx/usage/releases/download/v3.3.0/usage-universal-apple-darwin.tar.gz"

[tools.usage."platforms.macos-x64"]
checksum = "sha256:ab6c69a6541e18ffca7bd950dd4cc867ea9267d0f91115c13aa650cde6634d62"
url = "https://github.com/jdx/usage/releases/download/v3.3.0/usage-universal-apple-darwin.tar.gz"

[tools.usage."platforms.windows-x64"]
checksum = "sha256:628b8743d552f2cff2dee2b783a4827ef555409def3fb9ec536117d96cda2018"
url = "https://github.com/jdx/usage/releases/download/v3.3.0/usage-x86_64-pc-windows-msvc.zip"
